
Microsoft Visual Studio Solution File, Format Version 12.00
# Visual Studio 15
VisualStudioVersion = 15.0.28010.2050
MinimumVisualStudioVersion = 10.0.40219.1
Project("{FAE04EC0-301F-11D3-BF4B-00C04F79EFBC}") = "EmployeeWebAPI", "EmployeeWebAPI\EmployeeWebAPI.csproj", "{206BED4A-33C7-4D8F-B307-1B9C0392BC7A}"
EndProject
Project("{FAE04EC0-301F-11D3-BF4B-00C04F79EFBC}") = "Company", "Company\Company.csproj", "{CECDC1FF-4C48-41B7-8650-BCCB240C6BD3}"
EndProject
Project("{FAE04EC0-301F-11D3-BF4B-00C04F79EFBC}") = "WebApplication1", "WebApplication1\WebApplication1.csproj", "{E745944A-78AC-4CF8-A8D4-653ABD6D3288}"
EndProject
Global
	GlobalSection(SolutionConfigurationPlatforms) = preSolution
		Debug|Any CPU = Debug|Any CPU
		Release|Any CPU = Release|Any CPU
	EndGlobalSection
	GlobalSection(ProjectConfigurationPlatforms) = postSolution
		{206BED4A-33C7-4D8F-B307-1B9C0392BC7A}.Debug|Any CPU.ActiveCfg = Debug|Any CPU
		{206BED4A-33C7-4D8F-B307-1B9C0392BC7A}.Debug|Any CPU.Build.0 = Debug|Any CPU
		{206BED4A-33C7-4D8F-B307-1B9C0392BC7A}.Release|Any CPU.ActiveCfg = Release|Any CPU
		{206BED4A-33C7-4D8F-B307-1B9C0392BC7A}.Release|Any CPU.Build.0 = Release|Any CPU
		{CECDC1FF-4C48-41B7-8650-BCCB240C6BD3}.Debug|Any CPU.ActiveCfg = Debug|Any CPU
		{CECDC1FF-4C48-41B7-8650-BCCB240C6BD3}.Debug|Any CPU.Build.0 = Debug|Any CPU
		{CECDC1FF-4C48-41B7-8650-BCCB240C6BD3}.Release|Any CPU.ActiveCfg = Release|Any CPU
		{CECDC1FF-4C48-41B7-8650-BCCB240C6BD3}.Release|Any CPU.Build.0 = Release|Any CPU
		{E745944A-78AC-4CF8-A8D4-653ABD6D3288}.Debug|Any CPU.ActiveCfg = Debug|Any CPU
		{E745944A-78AC-4CF8-A8D4-653ABD6D3288}.Debug|Any CPU.Build.0 = Debug|Any CPU
		{E745944A-78AC-4CF8-A8D4-653ABD6D3288}.Release|Any CPU.ActiveCfg = Release|Any CPU
		{E745944A-78AC-4CF8-A8D4-653ABD6D3288}.Release|Any CPU.Build.0 = Release|Any CPU
	EndGlobalSection
	GlobalSection(SolutionProperties) = preSolution
		HideSolutionNode = FALSE
	EndGlobalSection
	GlobalSection(ExtensibilityGlobals) = postSolution
		SolutionGuid = {99AA0FDF-C6A0-4F91-8B6F-3D16DB11DC51}
	EndGlobalSection
EndGlobal
